
Microsoft Visual Studio Solution File, Format Version 12.00
# Visual Studio 14
VisualStudioVersion = 14.0.25420.1
MinimumVisualStudioVersion = 10.0.40219.1
Project("{F14B399A-7131-4C87-9E4B-1186C45EF12D}") = "newreport", "newreport\newreport.rptproj", "{4728132E-23E5-409E-9638-03E62462B461}"
EndProject
Global
	GlobalSection(SolutionConfigurationPlatforms) = preSolution
		Debug|Default = Debug|Default
		DebugLocal|Default = DebugLocal|Default
		Release|Default = Release|Default
	EndGlobalSection
	GlobalSection(ProjectConfigurationPlatforms) = postSolution
		{4728132E-23E5-409E-9638-03E62462B461}.Debug|Default.ActiveCfg = Debug
		{4728132E-23E5-409E-9638-03E62462B461}.Debug|Default.Build.0 = Debug
		{4728132E-23E5-409E-9638-03E62462B461}.Debug|Default.Deploy.0 = Debug
		{4728132E-23E5-409E-9638-03E62462B461}.DebugLocal|Default.ActiveCfg = DebugLocal
		{4728132E-23E5-409E-9638-03E62462B461}.DebugLocal|Default.Build.0 = DebugLocal
		{4728132E-23E5-409E-9638-03E62462B461}.Release|Default.ActiveCfg = Release
		{4728132E-23E5-409E-9638-03E62462B461}.Release|Default.Build.0 = Release
		{4728132E-23E5-409E-9638-03E62462B461}.Release|Default.Deploy.0 = Release
	EndGlobalSection
	GlobalSection(SolutionProperties) = preSolution
		HideSolutionNode = FALSE
	EndGlobalSection
EndGlobal
